// !$*UTF8*$!
{
	archiveVersion = 1;
	classes = {
	};
	objectVersion = 56;
	objects = {

/* Begin PBXBuildFile section */
		1878495C29648BEC00269A43 /* AppDelegate.swift in Sources */ = {isa = PBXBuildFile; fileRef = 1878495B29648BEC00269A43 /* AppDelegate.swift */; };
		1878495E29648BEC00269A43 /* SceneDelegate.swift in Sources */ = {isa = PBXBuildFile; fileRef = 1878495D29648BEC00269A43 /* SceneDelegate.swift */; };
		1878496029648BEC00269A43 /* ViewController.swift in Sources */ = {isa = PBXBuildFile; fileRef = 1878495F29648BEC00269A43 /* ViewController.swift */; };
		1878496329648BEC00269A43 /* Main.storyboard in Resources */ = {isa = PBXBuildFile; fileRef = 1878496129648BEC00269A43 /* Main.storyboard */; };
		1878496529648BEE00269A43 /* Assets.xcassets in Resources */ = {isa = PBXBuildFile; fileRef = 1878496429648BEE00269A43 /* Assets.xcassets */; };
		1878496829648BEE00269A43 /* LaunchScreen.storyboard in Resources */ = {isa = PBXBuildFile; fileRef = 1878496629648BEE00269A43 /* LaunchScreen.storyboard */; };
		1878497429648D3F00269A43 /* ImageViewController.swift in Sources */ = {isa = PBXBuildFile; fileRef = 1878497029648D3E00269A43 /* ImageViewController.swift */; };
		1878497529648D3F00269A43 /* WebViewController.swift in Sources */ = {isa = PBXBuildFile; fileRef = 1878497129648D3E00269A43 /* WebViewController.swift */; };
		1878497629648D3F00269A43 /* TextViewController.swift in Sources */ = {isa = PBXBuildFile; fileRef = 1878497229648D3F00269A43 /* TextViewController.swift */; };
		1878497729648D3F00269A43 /* WKWebViewController.swift in Sources */ = {isa = PBXBuildFile; fileRef = 1878497329648D3F00269A43 /* WKWebViewController.swift */; };
		668ACA7A7893B537B185369E /* Pods_NetFoxDebugDemo.framework in Frameworks */ = {isa = PBXBuildFile; fileRef = 1347F5ABD62E09A715249E18 /* Pods_NetFoxDebugDemo.framework */; };
/* End PBXBuildFile section */

/* Begin PBXFileReference section */
		1347F5ABD62E09A715249E18 /* Pods_NetFoxDebugDemo.framework */ = {isa = PBXFileReference; explicitFileType = wrapper.framework; includeInIndex = 0; path = Pods_NetFoxDebugDemo.framework; sourceTree = BUILT_PRODUCTS_DIR; };
		1878495829648BEC00269A43 /* NetFoxDebugDemo.app */ = {isa = PBXFileReference; explicitFileType = wrapper.application; includeInIndex = 0; path = NetFoxDebugDemo.app; sourceTree = BUILT_PRODUCTS_DIR; };
		1878495B29648BEC00269A43 /* AppDelegate.swift */ = {isa = PBXFileReference; lastKnownFileType = sourcecode.swift; path = AppDelegate.swift; sourceTree = "<group>"; };
		1878495D29648BEC00269A43 /* SceneDelegate.swift */ = {isa = PBXFileReference; lastKnownFileType = sourcecode.swift; path = SceneDelegate.swift; sourceTree = "<group>"; };
		1878495F29648BEC00269A43 /* ViewController.swift */ = {isa = PBXFileReference; lastKnownFileType = sourcecode.swift; path = ViewController.swift; sourceTree = "<group>"; };
		1878496229648BEC00269A43 /* Base */ = {isa = PBXFileReference; lastKnownFileType = file.storyboard; name = Base; path = Base.lproj/Main.storyboard; sourceTree = "<group>"; };
		1878496429648BEE00269A43 /* Assets.xcassets */ = {isa = PBXFileReference; lastKnownFileType = folder.assetcatalog; path = Assets.xcassets; sourceTree = "<group>"; };
		1878496729648BEE00269A43 /* Base */ = {isa = PBXFileReference; lastKnownFileType = file.storyboard; name = Base; path = Base.lproj/LaunchScreen.storyboard; sourceTree = "<group>"; };
		1878496929648BEF00269A43 /* Info.plist */ = {isa = PBXFileReference; lastKnownFileType = text.plist.xml; path = Info.plist; sourceTree = "<group>"; };
		1878497029648D3E00269A43 /* ImageViewController.swift */ = {isa = PBXFileReference; fileEncoding = 4; lastKnownFileType = sourcecode.swift; path = ImageViewController.swift; sourceTree = "<group>"; };
		1878497129648D3E00269A43 /* WebViewController.swift */ = {isa = PBXFileReference; fileEncoding = 4; lastKnownFileType = sourcecode.swift; path = WebViewController.swift; sourceTree = "<group>"; };
		1878497229648D3F00269A43 /* TextViewController.swift */ = {isa = PBXFileReference; fileEncoding = 4; lastKnownFileType = sourcecode.swift; path = TextViewController.swift; sourceTree = "<group>"; };
		1878497329648D3F00269A43 /* WKWebViewController.swift */ = {isa = PBXFileReference; fileEncoding = 4; lastKnownFileType = sourcecode.swift; path = WKWebViewController.swift; sourceTree = "<group>"; };
		37E5EFFCBA8A6B50B2D5931B /* Pods-NetFoxDebugDemo.debug.xcconfig */ = {isa = PBXFileReference; includeInIndex = 1; lastKnownFileType = text.xcconfig; name = "Pods-NetFoxDebugDemo.debug.xcconfig"; path = "Target Support Files/Pods-NetFoxDebugDemo/Pods-NetFoxDebugDemo.debug.xcconfig"; sourceTree = "<group>"; };
		A36EE533C22A8152D8C02B82 /* Pods-NetFoxDebugDemo.release.xcconfig */ = {isa = PBXFileReference; includeInIndex = 1; lastKnownFileType = text.xcconfig; name = "Pods-NetFoxDebugDemo.release.xcconfig"; path = "Target Support Files/Pods-NetFoxDebugDemo/Pods-NetFoxDebugDemo.release.xcconfig"; sourceTree = "<group>"; };
/* End PBXFileReference section */

/* Begin PBXFrameworksBuildPhase section */
		1878495529648BEC00269A43 /* Frameworks */ = {
			isa = PBXFrameworksBuildPhase;
			buildActionMask = 2147483647;
			files = (
				668ACA7A7893B537B185369E /* Pods_NetFoxDebugDemo.framework in Frameworks */,
			);
			runOnlyForDeploymentPostprocessing = 0;
		};
/* End PBXFrameworksBuildPhase section */

/* Begin PBXGroup section */
		1878494F29648BEC00269A43 = {
			isa = PBXGroup;
			children = (
				1878495A29648BEC00269A43 /* NetFoxDebugDemo */,
				1878495929648BEC00269A43 /* Products */,
				AB3F8673C8AD6FF4792235E8 /* Pods */,
				2E78D44DE140D5B0CF3EA5CC /* Frameworks */,
			);
			sourceTree = "<group>";
		};
		1878495929648BEC00269A43 /* Products */ = {
			isa = PBXGroup;
			children = (
				1878495829648BEC00269A43 /* NetFoxDebugDemo.app */,
			);
			name = Products;
			sourceTree = "<group>";
		};
		1878495A29648BEC00269A43 /* NetFoxDebugDemo */ = {
			isa = PBXGroup;
			children = (
				1878495B29648BEC00269A43 /* AppDelegate.swift */,
				1878495D29648BEC00269A43 /* SceneDelegate.swift */,
				1878496F29648D3700269A43 /* NetFox */,
				1878495F29648BEC00269A43 /* ViewController.swift */,
				1878496129648BEC00269A43 /* Main.storyboard */,
				1878496429648BEE00269A43 /* Assets.xcassets */,
				1878496629648BEE00269A43 /* LaunchScreen.storyboard */,
				1878496929648BEF00269A43 /* Info.plist */,
			);
			path = NetFoxDebugDemo;
			sourceTree = "<group>";
		};
		1878496F29648D3700269A43 /* NetFox */ = {
			isa = PBXGroup;
			children = (
				1878497029648D3E00269A43 /* ImageViewController.swift */,
				1878497229648D3F00269A43 /* TextViewController.swift */,
				1878497129648D3E00269A43 /* WebViewController.swift */,
				1878497329648D3F00269A43 /* WKWebViewController.swift */,
			);
			path = NetFox;
			sourceTree = "<group>";
		};
		2E78D44DE140D5B0CF3EA5CC /* Frameworks */ = {
			isa = PBXGroup;
			children = (
				1347F5ABD62E09A715249E18 /* Pods_NetFoxDebugDemo.framework */,
			);
			name = Frameworks;
			sourceTree = "<group>";
		};
		AB3F8673C8AD6FF4792235E8 /* Pods */ = {
			isa = PBXGroup;
			children = (
				37E5EFFCBA8A6B50B2D5931B /* Pods-NetFoxDebugDemo.debug.xcconfig */,
				A36EE533C22A8152D8C02B82 /* Pods-NetFoxDebugDemo.release.xcconfig */,
			);
			path = Pods;
			sourceTree = "<group>";
		};
/* End PBXGroup section */

/* Begin PBXNativeTarget section */
		1878495729648BEC00269A43 /* NetFoxDebugDemo */ = {
			isa = PBXNativeTarget;
			buildConfigurationList = 1878496C29648BEF00269A43 /* Build configuration list for PBXNativeTarget "NetFoxDebugDemo" */;
			buildPhases = (
				FD134AE88A439721F14ECD05 /* [CP] Check Pods Manifest.lock */,
				1878495429648BEC00269A43 /* Sources */,
				1878495529648BEC00269A43 /* Frameworks */,
				1878495629648BEC00269A43 /* Resources */,
				2EDCDED358B0D1A9ED3BC97B /* [CP] Embed Pods Frameworks */,
			);
			buildRules = (
			);
			dependencies = (
			);
			name = NetFoxDebugDemo;
			productName = NetFoxDebugDemo;
			productReference = 1878495829648BEC00269A43 /* NetFoxDebugDemo.app */;
			productType = "com.apple.product-type.application";
		};
/* End PBXNativeTarget section */

/* Begin PBXProject section */
		1878495029648BEC00269A43 /* Project object */ = {
			isa = PBXProject;
			attributes = {
				BuildIndependentTargetsInParallel = 1;
				LastSwiftUpdateCheck = 1420;
				LastUpgradeCheck = 1420;
				TargetAttributes = {
					1878495729648BEC00269A43 = {
						CreatedOnToolsVersion = 14.2;
					};
				};
			};
			buildConfigurationList = 1878495329648BEC00269A43 /* Build configuration list for PBXProject "NetFoxDebugDemo" */;
			compatibilityVersion = "Xcode 14.0";
			developmentRegion = en;
			hasScannedForEncodings = 0;
			knownRegions = (
				en,
				Base,
			);
			mainGroup = 1878494F29648BEC00269A43;
			productRefGroup = 1878495929648BEC00269A43 /* Products */;
			projectDirPath = "";
			projectRoot = "";
			targets = (
				1878495729648BEC00269A43 /* NetFoxDebugDemo */,
			);
		};
/* End PBXProject section */

/* Begin PBXResourcesBuildPhase section */
		1878495629648BEC00269A43 /* Resources */ = {
			isa = PBXResourcesBuildPhase;
			buildActionMask = 2147483647;
			files = (
				1878496829648BEE00269A43 /* LaunchScreen.storyboard in Resources */,
				1878496529648BEE00269A43 /* Assets.xcassets in Resources */,
				1878496329648BEC00269A43 /* Main.storyboard in Resources */,
			);
			runOnlyForDeploymentPostprocessing = 0;
		};
/* End PBXResourcesBuildPhase section */

/* Begin PBXShellScriptBuildPhase section */
		2EDCDED358B0D1A9ED3BC97B /* [CP] Embed Pods Frameworks */ = {
			isa = PBXShellScriptBuildPhase;
			buildActionMask = 2147483647;
			files = (
			);
			inputFileListPaths = (
				"${PODS_ROOT}/Target Support Files/Pods-NetFoxDebugDemo/Pods-NetFoxDebugDemo-frameworks-${CONFIGURATION}-input-files.xcfilelist",
			);
			name = "[CP] Embed Pods Frameworks";
			outputFileListPaths = (
				"${PODS_ROOT}/Target Support Files/Pods-NetFoxDebugDemo/Pods-NetFoxDebugDemo-frameworks-${CONFIGURATION}-output-files.xcfilelist",
			);
			runOnlyForDeploymentPostprocessing = 0;
			shellPath = /bin/sh;
			shellScript = "\"${PODS_ROOT}/Target Support Files/Pods-NetFoxDebugDemo/Pods-NetFoxDebugDemo-frameworks.sh\"\n";
			showEnvVarsInLog = 0;
		};
		FD134AE88A439721F14ECD05 /* [CP] Check Pods Manifest.lock */ = {
			isa = PBXShellScriptBuildPhase;
			buildActionMask = 2147483647;
			files = (
			);
			inputFileListPaths = (
			);
			inputPaths = (
				"${PODS_PODFILE_DIR_PATH}/Podfile.lock",
				"${PODS_ROOT}/Manifest.lock",
			);
			name = "[CP] Check Pods Manifest.lock";
			outputFileListPaths = (
			);
			outputPaths = (
				"$(DERIVED_FILE_DIR)/Pods-NetFoxDebugDemo-checkManifestLockResult.txt",
			);
			runOnlyForDeploymentPostprocessing = 0;
			shellPath = /bin/sh;
			shellScript = "diff \"${PODS_PODFILE_DIR_PATH}/Podfile.lock\" \"${PODS_ROOT}/Manifest.lock\" > /dev/null\nif [ $? != 0 ] ; then\n    # print error to STDERR\n    echo \"error: The sandbox is not in sync with the Podfile.lock. Run 'pod install' or update your CocoaPods installation.\" >&2\n    exit 1\nfi\n# This output is used by Xcode 'outputs' to avoid re-running this script phase.\necho \"SUCCESS\" > \"${SCRIPT_OUTPUT_FILE_0}\"\n";
			showEnvVarsInLog = 0;
		};
/* End PBXShellScriptBuildPhase section */

/* Begin PBXSourcesBuildPhase section */
		1878495429648BEC00269A43 /* Sources */ = {
			isa = PBXSourcesBuildPhase;
			buildActionMask = 2147483647;
			files = (
				1878496029648BEC00269A43 /* ViewController.swift in Sources */,
				1878495C29648BEC00269A43 /* AppDelegate.swift in Sources */,
				1878497729648D3F00269A43 /* WKWebViewController.swift in Sources */,
				1878497429648D3F00269A43 /* ImageViewController.swift in Sources */,
				1878497529648D3F00269A43 /* WebViewController.swift in Sources */,
				1878495E29648BEC00269A43 /* SceneDelegate.swift in Sources */,
				1878497629648D3F00269A43 /* TextViewController.swift in Sources */,
			);
			runOnlyForDeploymentPostprocessing = 0;
		};
/* End PBXSourcesBuildPhase section */

/* Begin PBXVariantGroup section */
		1878496129648BEC00269A43 /* Main.storyboard */ = {
			isa = PBXVariantGroup;
			children = (
				1878496229648BEC00269A43 /* Base */,
			);
			name = Main.storyboard;
			sourceTree = "<group>";
		};
		1878496629648BEE00269A43 /* LaunchScreen.storyboard */ = {
			isa = PBXVariantGroup;
			children = (
				1878496729648BEE00269A43 /* Base */,
			);
			name = LaunchScreen.storyboard;
			sourceTree = "<group>";
		};
/* End PBXVariantGroup section */

/* Begin XCBuildConfiguration section */
		1878496A29648BEF00269A43 /* Debug */ = {
			isa = XCBuildConfiguration;
			buildSettings = {
				ALWAYS_SEARCH_USER_PATHS = NO;
				CLANG_ANALYZER_NONNULL = YES;
				CLANG_ANALYZER_NUMBER_OBJECT_CONVERSION = YES_AGGRESSIVE;
				CLANG_CXX_LANGUAGE_STANDARD = "gnu++20";
				CLANG_ENABLE_MODULES = YES;
				CLANG_ENABLE_OBJC_ARC = YES;
				CLANG_ENABLE_OBJC_WEAK = YES;
				CLANG_WARN_BLOCK_CAPTURE_AUTORELEASING = YES;
				CLANG_WARN_BOOL_CONVERSION = YES;
				CLANG_WARN_COMMA = YES;
				CLANG_WARN_CONSTANT_CONVERSION = YES;
				CLANG_WARN_DEPRECATED_OBJC_IMPLEMENTATIONS = YES;
				CLANG_WARN_DIRECT_OBJC_ISA_USAGE = YES_ERROR;
				CLANG_WARN_DOCUMENTATION_COMMENTS = YES;
				CLANG_WARN_EMPTY_BODY = YES;
				CLANG_WARN_ENUM_CONVERSION = YES;
				CLANG_WARN_INFINITE_RECURSION = YES;
				CLANG_WARN_INT_CONVERSION = YES;
				CLANG_WARN_NON_LITERAL_NULL_CONVERSION = YES;
				CLANG_WARN_OBJC_IMPLICIT_RETAIN_SELF = YES;
				CLANG_WARN_OBJC_LITERAL_CONVERSION = YES;
				CLANG_WARN_OBJC_ROOT_CLASS = YES_ERROR;
				CLANG_WARN_QUOTED_INCLUDE_IN_FRAMEWORK_HEADER = YES;
				CLANG_WARN_RANGE_LOOP_ANALYSIS = YES;
				CLANG_WARN_STRICT_PROTOTYPES = YES;
				CLANG_WARN_SUSPICIOUS_MOVE = YES;
				CLANG_WARN_UNGUARDED_AVAILABILITY = YES_AGGRESSIVE;
				CLANG_WARN_UNREACHABLE_CODE = YES;
				CLANG_WARN__DUPLICATE_METHOD_MATCH = YES;
				COPY_PHASE_STRIP = NO;
				DEBUG_INFORMATION_FORMAT = dwarf;
				ENABLE_STRICT_OBJC_MSGSEND = YES;
				ENABLE_TESTABILITY = YES;
				GCC_C_LANGUAGE_STANDARD = gnu11;
				GCC_DYNAMIC_NO_PIC = NO;
				GCC_NO_COMMON_BLOCKS = YES;
				GCC_OPTIMIZATION_LEVEL = 0;
				GCC_PREPROCESSOR_DEFINITIONS = (
					"DEBUG=1",
					"$(inherited)",
				);
				GCC_WARN_64_TO_32_BIT_CONVERSION = YES;
				GCC_WARN_ABOUT_RETURN_TYPE = YES_ERROR;
				GCC_WARN_UNDECLARED_SELECTOR = YES;
				GCC_WARN_UNINITIALIZED_AUTOS = YES_AGGRESSIVE;
				GCC_WARN_UNUSED_FUNCTION = YES;
				GCC_WARN_UNUSED_VARIABLE = YES;
				IPHONEOS_DEPLOYMENT_TARGET = 14.0;
				MTL_ENABLE_DEBUG_INFO = INCLUDE_SOURCE;
				MTL_FAST_MATH = YES;
				ONLY_ACTIVE_ARCH = YES;
				SDKROOT = iphoneos;
				SWIFT_ACTIVE_COMPILATION_CONDITIONS = DEBUG;
				SWIFT_OPTIMIZATION_LEVEL = "-Onone";
			};
			name = Debug;
		};
		1878496B29648BEF00269A43 /* Release */ = {
			isa = XCBuildConfiguration;
			buildSettings = {
				ALWAYS_SEARCH_USER_PATHS = NO;
				CLANG_ANALYZER_NONNULL = YES;
				CLANG_ANALYZER_NUMBER_OBJECT_CONVERSION = YES_AGGRESSIVE;
				CLANG_CXX_LANGUAGE_STANDARD = "gnu++20";
				CLANG_ENABLE_MODULES = YES;
				CLANG_ENABLE_OBJC_ARC = YES;
				CLANG_ENABLE_OBJC_WEAK = YES;
				CLANG_WARN_BLOCK_CAPTURE_AUTORELEASING = YES;
				CLANG_WARN_BOOL_CONVERSION = YES;
				CLANG_WARN_COMMA = YES;
				CLANG_WARN_CONSTANT_CONVERSION = YES;
				CLANG_WARN_DEPRECATED_OBJC_IMPLEMENTATIONS = YES;
				CLANG_WARN_DIRECT_OBJC_ISA_USAGE = YES_ERROR;
				CLANG_WARN_DOCUMENTATION_COMMENTS = YES;
				CLANG_WARN_EMPTY_BODY = YES;
				CLANG_WARN_ENUM_CONVERSION = YES;
				CLANG_WARN_INFINITE_RECURSION = YES;
				CLANG_WARN_INT_CONVERSION = YES;
				CLANG_WARN_NON_LITERAL_NULL_CONVERSION = YES;
				CLANG_WARN_OBJC_IMPLICIT_RETAIN_SELF = YES;
				CLANG_WARN_OBJC_LITERAL_CONVERSION = YES;
				CLANG_WARN_OBJC_ROOT_CLASS = YES_ERROR;
				CLANG_WARN_QUOTED_INCLUDE_IN_FRAMEWORK_HEADER = YES;
				CLANG_WARN_RANGE_LOOP_ANALYSIS = YES;
				CLANG_WARN_STRICT_PROTOTYPES = YES;
				CLANG_WARN_SUSPICIOUS_MOVE = YES;
				CLANG_WARN_UNGUARDED_AVAILABILITY = YES_AGGRESSIVE;
				CLANG_WARN_UNREACHABLE_CODE = YES;
				CLANG_WARN__DUPLICATE_METHOD_MATCH = YES;
				COPY_PHASE_STRIP = NO;
				DEBUG_INFORMATION_FORMAT = "dwarf-with-dsym";
				ENABLE_NS_ASSERTIONS = NO;
				ENABLE_STRICT_OBJC_MSGSEND = YES;
				GCC_C_LANGUAGE_STANDARD = gnu11;
				GCC_NO_COMMON_BLOCKS = YES;
				GCC_WARN_64_TO_32_BIT_CONVERSION = YES;
				GCC_WARN_ABOUT_RETURN_TYPE = YES_ERROR;
				GCC_WARN_UNDECLARED_SELECTOR = YES;
				GCC_WARN_UNINITIALIZED_AUTOS = YES_AGGRESSIVE;
				GCC_WARN_UNUSED_FUNCTION = YES;
				GCC_WARN_UNUSED_VARIABLE = YES;
				IPHONEOS_DEPLOYMENT_TARGET = 14.0;
				MTL_ENABLE_DEBUG_INFO = NO;
				MTL_FAST_MATH = YES;
				SDKROOT = iphoneos;
				SWIFT_COMPILATION_MODE = wholemodule;
				SWIFT_OPTIMIZATION_LEVEL = "-O";
				VALIDATE_PRODUCT = YES;
			};
			name = Release;
		};
		1878496D29648BEF00269A43 /* Debug */ = {
			isa = XCBuildConfiguration;
			baseConfigurationReference = 37E5EFFCBA8A6B50B2D5931B /* Pods-NetFoxDebugDemo.debug.xcconfig */;
			buildSettings = {
				ASSETCATALOG_COMPILER_APPICON_NAME = AppIcon;
				ASSETCATALOG_COMPILER_GLOBAL_ACCENT_COLOR_NAME = AccentColor;
				CODE_SIGN_IDENTITY = "Apple Development";
				CODE_SIGN_STYLE = Manual;
				CURRENT_PROJECT_VERSION = 1;
				DEVELOPMENT_TEAM = "";
				GENERATE_INFOPLIST_FILE = YES;
				INFOPLIST_FILE = NetFoxDebugDemo/Info.plist;
				INFOPLIST_KEY_CFBundleDisplayName = NetFoxDebugDemo;
				INFOPLIST_KEY_UIApplicationSupportsIndirectInputEvents = YES;
				INFOPLIST_KEY_UILaunchStoryboardName = LaunchScreen;
				INFOPLIST_KEY_UIMainStoryboardFile = Main;
				INFOPLIST_KEY_UISupportedInterfaceOrientations = UIInterfaceOrientationPortrait;
				LD_RUNPATH_SEARCH_PATHS = (
					"$(inherited)",
					"@executable_path/Frameworks",
				);
				MARKETING_VERSION = 1.0;
				PRODUCT_BUNDLE_IDENTIFIER = "com.magic-ios.NetFoxDebugDemo";
				PRODUCT_NAME = "$(TARGET_NAME)";
				PROVISIONING_PROFILE_SPECIFIER = "";
				SWIFT_EMIT_LOC_STRINGS = YES;
				SWIFT_VERSION = 5.0;
				TARGETED_DEVICE_FAMILY = "1,2";
			};
			name = Debug;
		};
		1878496E29648BEF00269A43 /* Release */ = {
			isa = XCBuildConfiguration;
			baseConfigurationReference = A36EE533C22A8152D8C02B82 /* Pods-NetFoxDebugDemo.release.xcconfig */;
			buildSettings = {
				ASSETCATALOG_COMPILER_APPICON_NAME = AppIcon;
				ASSETCATALOG_COMPILER_GLOBAL_ACCENT_COLOR_NAME = AccentColor;
				CODE_SIGN_IDENTITY = "Apple Development";
				CODE_SIGN_STYLE = Manual;
				CURRENT_PROJECT_VERSION = 1;
				DEVELOPMENT_TEAM = "";
				GENERATE_INFOPLIST_FILE = YES;
				INFOPLIST_FILE = NetFoxDebugDemo/Info.plist;
				INFOPLIST_KEY_CFBundleDisplayName = NetFoxDebugDemo;
				INFOPLIST_KEY_UIApplicationSupportsIndirectInputEvents = YES;
				INFOPLIST_KEY_UILaunchStoryboardName = LaunchScreen;
				INFOPLIST_KEY_UIMainStoryboardFile = Main;
				INFOPLIST_KEY_UISupportedInterfaceOrientations = UIInterfaceOrientationPortrait;
				LD_RUNPATH_SEARCH_PATHS = (
					"$(inherited)",
					"@executable_path/Frameworks",
				);
				MARKETING_VERSION = 1.0;
				PRODUCT_BUNDLE_IDENTIFIER = "com.magic-ios.NetFoxDebugDemo";
				PRODUCT_NAME = "$(TARGET_NAME)";
				PROVISIONING_PROFILE_SPECIFIER = "";
				SWIFT_EMIT_LOC_STRINGS = YES;
				SWIFT_VERSION = 5.0;
				TARGETED_DEVICE_FAMILY = "1,2";
			};
			name = Release;
		};
/* End XCBuildConfiguration section */

/* Begin XCConfigurationList section */
		1878495329648BEC00269A43 /* Build configuration list for PBXProject "NetFoxDebugDemo" */ = {
			isa = XCConfigurationList;
			buildConfigurations = (
				1878496A29648BEF00269A43 /* Debug */,
				1878496B29648BEF00269A43 /* Release */,
			);
			defaultConfigurationIsVisible = 0;
			defaultConfigurationName = Release;
		};
		1878496C29648BEF00269A43 /* Build configuration list for PBXNativeTarget "NetFoxDebugDemo" */ = {
			isa = XCConfigurationList;
			buildConfigurations = (
				1878496D29648BEF00269A43 /* Debug */,
				1878496E29648BEF00269A43 /* Release */,
			);
			defaultConfigurationIsVisible = 0;
			defaultConfigurationName = Release;
		};
/* End XCConfigurationList section */
	};
	rootObject = 1878495029648BEC00269A43 /* Project object */;
}
